// !$*UTF8*$!
{
	archiveVersion = 1;
	classes = {
	};
	objectVersion = 77;
	objects = {

/* Begin PBXBuildFile section */
		DD6368282E20294E008B69A3 /* HotKey in Frameworks */ = {isa = PBXBuildFile; productRef = DD6368272E20294E008B69A3 /* HotKey */; };
		DD7F5C0E2E311EE5000871BF /* Auth in Frameworks */ = {isa = PBXBuildFile; productRef = DD7F5C0D2E311EE5000871BF /* Auth */; };
		DD7F5C102E311EE5000871BF /* Realtime in Frameworks */ = {isa = PBXBuildFile; productRef = DD7F5C0F2E311EE5000871BF /* Realtime */; };
		DD7F5C122E311EE5000871BF /* Storage in Frameworks */ = {isa = PBXBuildFile; productRef = DD7F5C112E311EE5000871BF /* Storage */; };
		DD8BBF822E3153A500669B79 /* Supabase in Frameworks */ = {isa = PBXBuildFile; productRef = DD8BBF812E3153A500669B79 /* Supabase */; };
/* End PBXBuildFile section */

/* Begin PBXContainerItemProxy section */
		DD6367FC2E201E13008B69A3 /* PBXContainerItemProxy */ = {
			isa = PBXContainerItemProxy;
			containerPortal = DD6367E52E201E10008B69A3 /* Project object */;
			proxyType = 1;
			remoteGlobalIDString = DD6367EC2E201E10008B69A3;
			remoteInfo = "gpt-pro-app";
		};
		DD6368062E201E13008B69A3 /* PBXContainerItemProxy */ = {
			isa = PBXContainerItemProxy;
			containerPortal = DD6367E52E201E10008B69A3 /* Project object */;
			proxyType = 1;
			remoteGlobalIDString = DD6367EC2E201E10008B69A3;
			remoteInfo = "gpt-pro-app";
		};
/* End PBXContainerItemProxy section */

/* Begin PBXFileReference section */
		DD6367ED2E201E10008B69A3 /* gpt-pro-app.app */ = {isa = PBXFileReference; explicitFileType = wrapper.application; includeInIndex = 0; path = "gpt-pro-app.app"; sourceTree = BUILT_PRODUCTS_DIR; };
		DD6367FB2E201E13008B69A3 /* gpt-pro-appTests.xctest */ = {isa = PBXFileReference; explicitFileType = wrapper.cfbundle; includeInIndex = 0; path = "gpt-pro-appTests.xctest"; sourceTree = BUILT_PRODUCTS_DIR; };
		DD6368052E201E13008B69A3 /* gpt-pro-appUITests.xctest */ = {isa = PBXFileReference; explicitFileType = wrapper.cfbundle; includeInIndex = 0; path = "gpt-pro-appUITests.xctest"; sourceTree = BUILT_PRODUCTS_DIR; };
/* End PBXFileReference section */

/* Begin PBXFileSystemSynchronizedRootGroup section */
		DD6367EF2E201E10008B69A3 /* gpt-pro-app */ = {
			isa = PBXFileSystemSynchronizedRootGroup;
			path = "gpt-pro-app";
			sourceTree = "<group>";
		};
/* End PBXFileSystemSynchronizedRootGroup section */

/* Begin PBXFrameworksBuildPhase section */
		DD6367EA2E201E10008B69A3 /* Frameworks */ = {
			isa = PBXFrameworksBuildPhase;
			buildActionMask = 2147483647;
			files = (
				DD8BBF822E3153A500669B79 /* Supabase in Frameworks */,
				DD7F5C122E311EE5000871BF /* Storage in Frameworks */,
				DD7F5C102E311EE5000871BF /* Realtime in Frameworks */,
				DD7F5C0E2E311EE5000871BF /* Auth in Frameworks */,
				DD6368282E20294E008B69A3 /* HotKey in Frameworks */,
			);
			runOnlyForDeploymentPostprocessing = 0;
		};
		DD6367F82E201E13008B69A3 /* Frameworks */ = {
			isa = PBXFrameworksBuildPhase;
			buildActionMask = 2147483647;
			files = (
			);
			runOnlyForDeploymentPostprocessing = 0;
		};
		DD6368022E201E13008B69A3 /* Frameworks */ = {
			isa = PBXFrameworksBuildPhase;
			buildActionMask = 2147483647;
			files = (
			);
			runOnlyForDeploymentPostprocessing = 0;
		};
/* End PBXFrameworksBuildPhase section */

/* Begin PBXGroup section */
		DD6367E42E201E10008B69A3 = {
			isa = PBXGroup;
			children = (
				DD6367EF2E201E10008B69A3 /* gpt-pro-app */,
				DD6368262E20294E008B69A3 /* Frameworks */,
				DD6367EE2E201E10008B69A3 /* Products */,
			);
			sourceTree = "<group>";
		};
		DD6367EE2E201E10008B69A3 /* Products */ = {
			isa = PBXGroup;
			children = (
				DD6367ED2E201E10008B69A3 /* gpt-pro-app.app */,
				DD6367FB2E201E13008B69A3 /* gpt-pro-appTests.xctest */,
				DD6368052E201E13008B69A3 /* gpt-pro-appUITests.xctest */,
			);
			name = Products;
			sourceTree = "<group>";
		};
		DD6368262E20294E008B69A3 /* Frameworks */ = {
			isa = PBXGroup;
			children = (
			);
			name = Frameworks;
			sourceTree = "<group>";
		};
/* End PBXGroup section */

/* Begin PBXNativeTarget section */
		DD6367EC2E201E10008B69A3 /* gpt-pro-app */ = {
			isa = PBXNativeTarget;
			buildConfigurationList = DD63680F2E201E13008B69A3 /* Build configuration list for PBXNativeTarget "gpt-pro-app" */;
			buildPhases = (
				DD6367E92E201E10008B69A3 /* Sources */,
				DD6367EA2E201E10008B69A3 /* Frameworks */,
				DD6367EB2E201E10008B69A3 /* Resources */,
			);
			buildRules = (
			);
			dependencies = (
			);
			fileSystemSynchronizedGroups = (
				DD6367EF2E201E10008B69A3 /* gpt-pro-app */,
			);
			name = "gpt-pro-app";
			packageProductDependencies = (
				DD6368272E20294E008B69A3 /* HotKey */,
				DD7F5C0D2E311EE5000871BF /* Auth */,
				DD7F5C0F2E311EE5000871BF /* Realtime */,
				DD7F5C112E311EE5000871BF /* Storage */,
				DD8BBF812E3153A500669B79 /* Supabase */,
			);
			productName = "gpt-pro-app";
			productReference = DD6367ED2E201E10008B69A3 /* gpt-pro-app.app */;
			productType = "com.apple.product-type.application";
		};
		DD6367FA2E201E13008B69A3 /* gpt-pro-appTests */ = {
			isa = PBXNativeTarget;
			buildConfigurationList = DD6368122E201E13008B69A3 /* Build configuration list for PBXNativeTarget "gpt-pro-appTests" */;
			buildPhases = (
				DD6367F72E201E13008B69A3 /* Sources */,
				DD6367F82E201E13008B69A3 /* Frameworks */,
				DD6367F92E201E13008B69A3 /* Resources */,
			);
			buildRules = (
			);
			dependencies = (
				DD6367FD2E201E13008B69A3 /* PBXTargetDependency */,
			);
			name = "gpt-pro-appTests";
			packageProductDependencies = (
			);
			productName = "gpt-pro-appTests";
			productReference = DD6367FB2E201E13008B69A3 /* gpt-pro-appTests.xctest */;
			productType = "com.apple.product-type.bundle.unit-test";
		};
		DD6368042E201E13008B69A3 /* gpt-pro-appUITests */ = {
			isa = PBXNativeTarget;
			buildConfigurationList = DD6368152E201E13008B69A3 /* Build configuration list for PBXNativeTarget "gpt-pro-appUITests" */;
			buildPhases = (
				DD6368012E201E13008B69A3 /* Sources */,
				DD6368022E201E13008B69A3 /* Frameworks */,
				DD6368032E201E13008B69A3 /* Resources */,
			);
			buildRules = (
			);
			dependencies = (
				DD6368072E201E13008B69A3 /* PBXTargetDependency */,
			);
			name = "gpt-pro-appUITests";
			packageProductDependencies = (
			);
			productName = "gpt-pro-appUITests";
			productReference = DD6368052E201E13008B69A3 /* gpt-pro-appUITests.xctest */;
			productType = "com.apple.product-type.bundle.ui-testing";
		};
/* End PBXNativeTarget section */

/* Begin PBXProject section */
		DD6367E52E201E10008B69A3 /* Project object */ = {
			isa = PBXProject;
			attributes = {
				BuildIndependentTargetsInParallel = 1;
				LastSwiftUpdateCheck = 1640;
				LastUpgradeCheck = 1640;
				TargetAttributes = {
					DD6367EC2E201E10008B69A3 = {
						CreatedOnToolsVersion = 16.4;
					};
					DD6367FA2E201E13008B69A3 = {
						CreatedOnToolsVersion = 16.4;
						TestTargetID = DD6367EC2E201E10008B69A3;
					};
					DD6368042E201E13008B69A3 = {
						CreatedOnToolsVersion = 16.4;
						TestTargetID = DD6367EC2E201E10008B69A3;
					};
				};
			};
			buildConfigurationList = DD6367E82E201E10008B69A3 /* Build configuration list for PBXProject "gpt-pro-app" */;
			developmentRegion = en;
			hasScannedForEncodings = 0;
			knownRegions = (
				en,
				Base,
			);
			mainGroup = DD6367E42E201E10008B69A3;
			minimizedProjectReferenceProxies = 1;
			packageReferences = (
				DD63681A2E202171008B69A3 /* XCRemoteSwiftPackageReference "HotKey" */,
				DD7F5C0C2E311EE5000871BF /* XCRemoteSwiftPackageReference "supabase-swift" */,
			);
			preferredProjectObjectVersion = 77;
			productRefGroup = DD6367EE2E201E10008B69A3 /* Products */;
			projectDirPath = "";
			projectRoot = "";
			targets = (
				DD6367EC2E201E10008B69A3 /* gpt-pro-app */,
				DD6367FA2E201E13008B69A3 /* gpt-pro-appTests */,
				DD6368042E201E13008B69A3 /* gpt-pro-appUITests */,
			);
		};
/* End PBXProject section */

/* Begin PBXResourcesBuildPhase section */
		DD6367EB2E201E10008B69A3 /* Resources */ = {
			isa = PBXResourcesBuildPhase;
			buildActionMask = 2147483647;
			files = (
			);
			runOnlyForDeploymentPostprocessing = 0;
		};
		DD6367F92E201E13008B69A3 /* Resources */ = {
			isa = PBXResourcesBuildPhase;
			buildActionMask = 2147483647;
			files = (
			);
			runOnlyForDeploymentPostprocessing = 0;
		};
		DD6368032E201E13008B69A3 /* Resources */ = {
			isa = PBXResourcesBuildPhase;
			buildActionMask = 2147483647;
			files = (
			);
			runOnlyForDeploymentPostprocessing = 0;
		};
/* End PBXResourcesBuildPhase section */

/* Begin PBXSourcesBuildPhase section */
		DD6367E92E201E10008B69A3 /* Sources */ = {
			isa = PBXSourcesBuildPhase;
			buildActionMask = 2147483647;
			files = (
			);
			runOnlyForDeploymentPostprocessing = 0;
		};
		DD6367F72E201E13008B69A3 /* Sources */ = {
			isa = PBXSourcesBuildPhase;
			buildActionMask = 2147483647;
			files = (
			);
			runOnlyForDeploymentPostprocessing = 0;
		};
		DD6368012E201E13008B69A3 /* Sources */ = {
			isa = PBXSourcesBuildPhase;
			buildActionMask = 2147483647;
			files = (
			);
			runOnlyForDeploymentPostprocessing = 0;
		};
/* End PBXSourcesBuildPhase section */

/* Begin PBXTargetDependency section */
		DD6367FD2E201E13008B69A3 /* PBXTargetDependency */ = {
			isa = PBXTargetDependency;
			target = DD6367EC2E201E10008B69A3 /* gpt-pro-app */;
			targetProxy = DD6367FC2E201E13008B69A3 /* PBXContainerItemProxy */;
		};
		DD6368072E201E13008B69A3 /* PBXTargetDependency */ = {
			isa = PBXTargetDependency;
			target = DD6367EC2E201E10008B69A3 /* gpt-pro-app */;
			targetProxy = DD6368062E201E13008B69A3 /* PBXContainerItemProxy */;
		};
/* End PBXTargetDependency section */

/* Begin XCBuildConfiguration section */
		DD63680D2E201E13008B69A3 /* Debug */ = {
			isa = XCBuildConfiguration;
			buildSettings = {
				ALWAYS_SEARCH_USER_PATHS = NO;
				ASSETCATALOG_COMPILER_GENERATE_SWIFT_ASSET_SYMBOL_EXTENSIONS = YES;
				CLANG_ANALYZER_NONNULL = YES;
				CLANG_ANALYZER_NUMBER_OBJECT_CONVERSION = YES_AGGRESSIVE;
				CLANG_CXX_LANGUAGE_STANDARD = "gnu++20";
				CLANG_ENABLE_MODULES = YES;
				CLANG_ENABLE_OBJC_ARC = YES;
				CLANG_ENABLE_OBJC_WEAK = YES;
				CLANG_WARN_BLOCK_CAPTURE_AUTORELEASING = YES;
				CLANG_WARN_BOOL_CONVERSION = YES;
				CLANG_WARN_COMMA = YES;
				CLANG_WARN_CONSTANT_CONVERSION = YES;
				CLANG_WARN_DEPRECATED_OBJC_IMPLEMENTATIONS = YES;
				CLANG_WARN_DIRECT_OBJC_ISA_USAGE = YES_ERROR;
				CLANG_WARN_DOCUMENTATION_COMMENTS = YES;
				CLANG_WARN_EMPTY_BODY = YES;
				CLANG_WARN_ENUM_CONVERSION = YES;
				CLANG_WARN_INFINITE_RECURSION = YES;
				CLANG_WARN_INT_CONVERSION = YES;
				CLANG_WARN_NON_LITERAL_NULL_CONVERSION = YES;
				CLANG_WARN_OBJC_IMPLICIT_RETAIN_SELF = YES;
				CLANG_WARN_OBJC_LITERAL_CONVERSION = YES;
				CLANG_WARN_OBJC_ROOT_CLASS = YES_ERROR;
				CLANG_WARN_QUOTED_INCLUDE_IN_FRAMEWORK_HEADER = YES;
				CLANG_WARN_RANGE_LOOP_ANALYSIS = YES;
				CLANG_WARN_STRICT_PROTOTYPES = YES;
				CLANG_WARN_SUSPICIOUS_MOVE = YES;
				CLANG_WARN_UNGUARDED_AVAILABILITY = YES_AGGRESSIVE;
				CLANG_WARN_UNREACHABLE_CODE = YES;
				CLANG_WARN__DUPLICATE_METHOD_MATCH = YES;
				COPY_PHASE_STRIP = NO;
				DEBUG_INFORMATION_FORMAT = dwarf;
				DEVELOPMENT_TEAM = 9A4BH25YXB;
				ENABLE_STRICT_OBJC_MSGSEND = YES;
				ENABLE_TESTABILITY = YES;
				ENABLE_USER_SCRIPT_SANDBOXING = YES;
				GCC_C_LANGUAGE_STANDARD = gnu17;
				GCC_DYNAMIC_NO_PIC = NO;
				GCC_NO_COMMON_BLOCKS = YES;
				GCC_OPTIMIZATION_LEVEL = 0;
				GCC_PREPROCESSOR_DEFINITIONS = (
					"DEBUG=1",
					"$(inherited)",
				);
				GCC_WARN_64_TO_32_BIT_CONVERSION = YES;
				GCC_WARN_ABOUT_RETURN_TYPE = YES_ERROR;
				GCC_WARN_UNDECLARED_SELECTOR = YES;
				GCC_WARN_UNINITIALIZED_AUTOS = YES_AGGRESSIVE;
				GCC_WARN_UNUSED_FUNCTION = YES;
				GCC_WARN_UNUSED_VARIABLE = YES;
				LOCALIZATION_PREFERS_STRING_CATALOGS = YES;
				MACOSX_DEPLOYMENT_TARGET = 15.3;
				MTL_ENABLE_DEBUG_INFO = INCLUDE_SOURCE;
				MTL_FAST_MATH = YES;
				ONLY_ACTIVE_ARCH = YES;
				SDKROOT = macosx;
				SWIFT_ACTIVE_COMPILATION_CONDITIONS = "DEBUG $(inherited)";
				SWIFT_OPTIMIZATION_LEVEL = "-Onone";
			};
			name = Debug;
		};
		DD63680E2E201E13008B69A3 /* Release */ = {
			isa = XCBuildConfiguration;
			buildSettings = {
				ALWAYS_SEARCH_USER_PATHS = NO;
				ASSETCATALOG_COMPILER_GENERATE_SWIFT_ASSET_SYMBOL_EXTENSIONS = YES;
				CLANG_ANALYZER_NONNULL = YES;
				CLANG_ANALYZER_NUMBER_OBJECT_CONVERSION = YES_AGGRESSIVE;
				CLANG_CXX_LANGUAGE_STANDARD = "gnu++20";
				CLANG_ENABLE_MODULES = YES;
				CLANG_ENABLE_OBJC_ARC = YES;
				CLANG_ENABLE_OBJC_WEAK = YES;
				CLANG_WARN_BLOCK_CAPTURE_AUTORELEASING = YES;
				CLANG_WARN_BOOL_CONVERSION = YES;
				CLANG_WARN_COMMA = YES;
				CLANG_WARN_CONSTANT_CONVERSION = YES;
				CLANG_WARN_DEPRECATED_OBJC_IMPLEMENTATIONS = YES;
				CLANG_WARN_DIRECT_OBJC_ISA_USAGE = YES_ERROR;
				CLANG_WARN_DOCUMENTATION_COMMENTS = YES;
				CLANG_WARN_EMPTY_BODY = YES;
				CLANG_WARN_ENUM_CONVERSION = YES;
				CLANG_WARN_INFINITE_RECURSION = YES;
				CLANG_WARN_INT_CONVERSION = YES;
				CLANG_WARN_NON_LITERAL_NULL_CONVERSION = YES;
				CLANG_WARN_OBJC_IMPLICIT_RETAIN_SELF = YES;
				CLANG_WARN_OBJC_LITERAL_CONVERSION = YES;
				CLANG_WARN_OBJC_ROOT_CLASS = YES_ERROR;
				CLANG_WARN_QUOTED_INCLUDE_IN_FRAMEWORK_HEADER = YES;
				CLANG_WARN_RANGE_LOOP_ANALYSIS = YES;
				CLANG_WARN_STRICT_PROTOTYPES = YES;
				CLANG_WARN_SUSPICIOUS_MOVE = YES;
				CLANG_WARN_UNGUARDED_AVAILABILITY = YES_AGGRESSIVE;
				CLANG_WARN_UNREACHABLE_CODE = YES;
				CLANG_WARN__DUPLICATE_METHOD_MATCH = YES;
				COPY_PHASE_STRIP = NO;
				DEBUG_INFORMATION_FORMAT = "dwarf-with-dsym";
				DEVELOPMENT_TEAM = 9A4BH25YXB;
				ENABLE_NS_ASSERTIONS = NO;
				ENABLE_STRICT_OBJC_MSGSEND = YES;
				ENABLE_USER_SCRIPT_SANDBOXING = YES;
				GCC_C_LANGUAGE_STANDARD = gnu17;
				GCC_NO_COMMON_BLOCKS = YES;
				GCC_WARN_64_TO_32_BIT_CONVERSION = YES;
				GCC_WARN_ABOUT_RETURN_TYPE = YES_ERROR;
				GCC_WARN_UNDECLARED_SELECTOR = YES;
				GCC_WARN_UNINITIALIZED_AUTOS = YES_AGGRESSIVE;
				GCC_WARN_UNUSED_FUNCTION = YES;
				GCC_WARN_UNUSED_VARIABLE = YES;
				LOCALIZATION_PREFERS_STRING_CATALOGS = YES;
				MACOSX_DEPLOYMENT_TARGET = 15.3;
				MTL_ENABLE_DEBUG_INFO = NO;
				MTL_FAST_MATH = YES;
				SDKROOT = macosx;
				SWIFT_COMPILATION_MODE = wholemodule;
			};
			name = Release;
		};
		DD6368102E201E13008B69A3 /* Debug */ = {
			isa = XCBuildConfiguration;
			buildSettings = {
				ASSETCATALOG_COMPILER_APPICON_NAME = AppIcon;
				ASSETCATALOG_COMPILER_GLOBAL_ACCENT_COLOR_NAME = AccentColor;
				CODE_SIGN_ENTITLEMENTS = "gpt-pro-app/gpt_pro_app.entitlements";
				"CODE_SIGN_IDENTITY[sdk=macosx*]" = "-";
				CODE_SIGN_STYLE = Automatic;
				COMBINE_HIDPI_IMAGES = YES;
				CURRENT_PROJECT_VERSION = 1;
				DEVELOPMENT_TEAM = "";
				ENABLE_HARDENED_RUNTIME = YES;
				ENABLE_PREVIEWS = YES;
				GENERATE_INFOPLIST_FILE = YES;
				INFOPLIST_KEY_NSHumanReadableCopyright = "";
				LD_RUNPATH_SEARCH_PATHS = (
					"$(inherited)",
					"@executable_path/../Frameworks",
				);
				MARKETING_VERSION = 1.0;
				PRODUCT_BUNDLE_IDENTIFIER = "rovid.gpt-pro-app";
				PRODUCT_NAME = "$(TARGET_NAME)";
				REGISTER_APP_GROUPS = YES;
				SWIFT_EMIT_LOC_STRINGS = YES;
				SWIFT_VERSION = 5.0;
			};
			name = Debug;
		};
		DD6368112E201E13008B69A3 /* Release */ = {
			isa = XCBuildConfiguration;
			buildSettings = {
				ASSETCATALOG_COMPILER_APPICON_NAME = AppIcon;
				ASSETCATALOG_COMPILER_GLOBAL_ACCENT_COLOR_NAME = AccentColor;
				CODE_SIGN_ENTITLEMENTS = "gpt-pro-app/gpt_pro_app.entitlements";
				"CODE_SIGN_IDENTITY[sdk=macosx*]" = "-";
				CODE_SIGN_STYLE = Automatic;
				COMBINE_HIDPI_IMAGES = YES;
				CURRENT_PROJECT_VERSION = 1;
				DEVELOPMENT_TEAM = "";
				ENABLE_HARDENED_RUNTIME = YES;
				ENABLE_PREVIEWS = YES;
				GENERATE_INFOPLIST_FILE = YES;
				INFOPLIST_KEY_NSHumanReadableCopyright = "";
				LD_RUNPATH_SEARCH_PATHS = (
					"$(inherited)",
					"@executable_path/../Frameworks",
				);
				MARKETING_VERSION = 1.0;
				PRODUCT_BUNDLE_IDENTIFIER = "rovid.gpt-pro-app";
				PRODUCT_NAME = "$(TARGET_NAME)";
				REGISTER_APP_GROUPS = YES;
				SWIFT_EMIT_LOC_STRINGS = YES;
				SWIFT_VERSION = 5.0;
			};
			name = Release;
		};
		DD6368132E201E13008B69A3 /* Debug */ = {
			isa = XCBuildConfiguration;
			buildSettings = {
				BUNDLE_LOADER = "$(TEST_HOST)";
				CODE_SIGN_STYLE = Automatic;
				CURRENT_PROJECT_VERSION = 1;
				DEVELOPMENT_TEAM = 9A4BH25YXB;
				GENERATE_INFOPLIST_FILE = YES;
				MACOSX_DEPLOYMENT_TARGET = 15.3;
				MARKETING_VERSION = 1.0;
				PRODUCT_BUNDLE_IDENTIFIER = "rovid.gpt-pro-appTests";
				PRODUCT_NAME = "$(TARGET_NAME)";
				SWIFT_EMIT_LOC_STRINGS = NO;
				SWIFT_VERSION = 5.0;
				TEST_HOST = "$(BUILT_PRODUCTS_DIR)/gpt-pro-app.app/$(BUNDLE_EXECUTABLE_FOLDER_PATH)/gpt-pro-app";
			};
			name = Debug;
		};
		DD6368142E201E13008B69A3 /* Release */ = {
			isa = XCBuildConfiguration;
			buildSettings = {
				BUNDLE_LOADER = "$(TEST_HOST)";
				CODE_SIGN_STYLE = Automatic;
				CURRENT_PROJECT_VERSION = 1;
				DEVELOPMENT_TEAM = 9A4BH25YXB;
				GENERATE_INFOPLIST_FILE = YES;
				MACOSX_DEPLOYMENT_TARGET = 15.3;
				MARKETING_VERSION = 1.0;
				PRODUCT_BUNDLE_IDENTIFIER = "rovid.gpt-pro-appTests";
				PRODUCT_NAME = "$(TARGET_NAME)";
				SWIFT_EMIT_LOC_STRINGS = NO;
				SWIFT_VERSION = 5.0;
				TEST_HOST = "$(BUILT_PRODUCTS_DIR)/gpt-pro-app.app/$(BUNDLE_EXECUTABLE_FOLDER_PATH)/gpt-pro-app";
			};
			name = Release;
		};
		DD6368162E201E13008B69A3 /* Debug */ = {
			isa = XCBuildConfiguration;
			buildSettings = {
				CODE_SIGN_STYLE = Automatic;
				CURRENT_PROJECT_VERSION = 1;
				DEVELOPMENT_TEAM = 9A4BH25YXB;
				GENERATE_INFOPLIST_FILE = YES;
				MARKETING_VERSION = 1.0;
				PRODUCT_BUNDLE_IDENTIFIER = "rovid.gpt-pro-appUITests";
				PRODUCT_NAME = "$(TARGET_NAME)";
				SWIFT_EMIT_LOC_STRINGS = NO;
				SWIFT_VERSION = 5.0;
				TEST_TARGET_NAME = "gpt-pro-app";
			};
			name = Debug;
		};
		DD6368172E201E13008B69A3 /* Release */ = {
			isa = XCBuildConfiguration;
			buildSettings = {
				CODE_SIGN_STYLE = Automatic;
				CURRENT_PROJECT_VERSION = 1;
				DEVELOPMENT_TEAM = 9A4BH25YXB;
				GENERATE_INFOPLIST_FILE = YES;
				MARKETING_VERSION = 1.0;
				PRODUCT_BUNDLE_IDENTIFIER = "rovid.gpt-pro-appUITests";
				PRODUCT_NAME = "$(TARGET_NAME)";
				SWIFT_EMIT_LOC_STRINGS = NO;
				SWIFT_VERSION = 5.0;
				TEST_TARGET_NAME = "gpt-pro-app";
			};
			name = Release;
		};
/* End XCBuildConfiguration section */

/* Begin XCConfigurationList section */
		DD6367E82E201E10008B69A3 /* Build configuration list for PBXProject "gpt-pro-app" */ = {
			isa = XCConfigurationList;
			buildConfigurations = (
				DD63680D2E201E13008B69A3 /* Debug */,
				DD63680E2E201E13008B69A3 /* Release */,
			);
			defaultConfigurationIsVisible = 0;
			defaultConfigurationName = Release;
		};
		DD63680F2E201E13008B69A3 /* Build configuration list for PBXNativeTarget "gpt-pro-app" */ = {
			isa = XCConfigurationList;
			buildConfigurations = (
				DD6368102E201E13008B69A3 /* Debug */,
				DD6368112E201E13008B69A3 /* Release */,
			);
			defaultConfigurationIsVisible = 0;
			defaultConfigurationName = Release;
		};
		DD6368122E201E13008B69A3 /* Build configuration list for PBXNativeTarget "gpt-pro-appTests" */ = {
			isa = XCConfigurationList;
			buildConfigurations = (
				DD6368132E201E13008B69A3 /* Debug */,
				DD6368142E201E13008B69A3 /* Release */,
			);
			defaultConfigurationIsVisible = 0;
			defaultConfigurationName = Release;
		};
		DD6368152E201E13008B69A3 /* Build configuration list for PBXNativeTarget "gpt-pro-appUITests" */ = {
			isa = XCConfigurationList;
			buildConfigurations = (
				DD6368162E201E13008B69A3 /* Debug */,
				DD6368172E201E13008B69A3 /* Release */,
			);
			defaultConfigurationIsVisible = 0;
			defaultConfigurationName = Release;
		};
/* End XCConfigurationList section */

/* Begin XCRemoteSwiftPackageReference section */
		DD63681A2E202171008B69A3 /* XCRemoteSwiftPackageReference "HotKey" */ = {
			isa = XCRemoteSwiftPackageReference;
			repositoryURL = "https://github.com/soffes/HotKey";
			requirement = {
				branch = main;
				kind = branch;
			};
		};
		DD7F5C0C2E311EE5000871BF /* XCRemoteSwiftPackageReference "supabase-swift" */ = {
			isa = XCRemoteSwiftPackageReference;
			repositoryURL = "https://github.com/supabase/supabase-swift";
			requirement = {
				kind = upToNextMajorVersion;
				minimumVersion = 2.5.1;
			};
		};
/* End XCRemoteSwiftPackageReference section */

/* Begin XCSwiftPackageProductDependency section */
		DD6368272E20294E008B69A3 /* HotKey */ = {
			isa = XCSwiftPackageProductDependency;
			package = DD63681A2E202171008B69A3 /* XCRemoteSwiftPackageReference "HotKey" */;
			productName = HotKey;
		};
		DD7F5C0D2E311EE5000871BF /* Auth */ = {
			isa = XCSwiftPackageProductDependency;
			package = DD7F5C0C2E311EE5000871BF /* XCRemoteSwiftPackageReference "supabase-swift" */;
			productName = Auth;
		};
		DD7F5C0F2E311EE5000871BF /* Realtime */ = {
			isa = XCSwiftPackageProductDependency;
			package = DD7F5C0C2E311EE5000871BF /* XCRemoteSwiftPackageReference "supabase-swift" */;
			productName = Realtime;
		};
		DD7F5C112E311EE5000871BF /* Storage */ = {
			isa = XCSwiftPackageProductDependency;
			package = DD7F5C0C2E311EE5000871BF /* XCRemoteSwiftPackageReference "supabase-swift" */;
			productName = Storage;
		};
		DD8BBF812E3153A500669B79 /* Supabase */ = {
			isa = XCSwiftPackageProductDependency;
			package = DD7F5C0C2E311EE5000871BF /* XCRemoteSwiftPackageReference "supabase-swift" */;
			productName = Supabase;
		};
/* End XCSwiftPackageProductDependency section */
	};
	rootObject = DD6367E52E201E10008B69A3 /* Project object */;
}
